// !$*UTF8*$!
{
	archiveVersion = 1;
	classes = {
	};
	objectVersion = 48;
	objects = {

/* Begin PBXBuildFile section */
		BCA5630920462EF70051AE8B /* Player.swift in Sources */ = {isa = PBXBuildFile; fileRef = BCA5630820462EF70051AE8B /* Player.swift */; };
		BCB5C7FA2042296D001B61FD /* AppDelegate.swift in Sources */ = {isa = PBXBuildFile; fileRef = BCB5C7F92042296D001B61FD /* AppDelegate.swift */; };
		BCB5C7FC2042296D001B61FD /* WelcomeVC.swift in Sources */ = {isa = PBXBuildFile; fileRef = BCB5C7FB2042296D001B61FD /* WelcomeVC.swift */; };
		BCB5C7FF2042296D001B61FD /* Main.storyboard in Resources */ = {isa = PBXBuildFile; fileRef = BCB5C7FD2042296D001B61FD /* Main.storyboard */; };
		BCB5C8012042296D001B61FD /* Assets.xcassets in Resources */ = {isa = PBXBuildFile; fileRef = BCB5C8002042296D001B61FD /* Assets.xcassets */; };
		BCB5C8042042296D001B61FD /* LaunchScreen.storyboard in Resources */ = {isa = PBXBuildFile; fileRef = BCB5C8022042296D001B61FD /* LaunchScreen.storyboard */; };
		BCB5C80D2042302A001B61FD /* BorderButton.swift in Sources */ = {isa = PBXBuildFile; fileRef = BCB5C80C2042302A001B61FD /* BorderButton.swift */; };
		BCB5C8112043CF9F001B61FD /* LeagueVC.swift in Sources */ = {isa = PBXBuildFile; fileRef = BCB5C8102043CF9F001B61FD /* LeagueVC.swift */; };
		BCB5C8132043CFC1001B61FD /* SkillVC.swift in Sources */ = {isa = PBXBuildFile; fileRef = BCB5C8122043CFC1001B61FD /* SkillVC.swift */; };
/* End PBXBuildFile section */

/* Begin PBXFileReference section */
		BCA5630820462EF70051AE8B /* Player.swift */ = {isa = PBXFileReference; lastKnownFileType = sourcecode.swift; path = Player.swift; sourceTree = "<group>"; };
		BCB5C7F62042296D001B61FD /* app-swoosh.app */ = {isa = PBXFileReference; explicitFileType = wrapper.application; includeInIndex = 0; path = "app-swoosh.app"; sourceTree = BUILT_PRODUCTS_DIR; };
		BCB5C7F92042296D001B61FD /* AppDelegate.swift */ = {isa = PBXFileReference; lastKnownFileType = sourcecode.swift; path = AppDelegate.swift; sourceTree = "<group>"; };
		BCB5C7FB2042296D001B61FD /* WelcomeVC.swift */ = {isa = PBXFileReference; lastKnownFileType = sourcecode.swift; path = WelcomeVC.swift; sourceTree = "<group>"; };
		BCB5C7FE2042296D001B61FD /* Base */ = {isa = PBXFileReference; lastKnownFileType = file.storyboard; name = Base; path = Base.lproj/Main.storyboard; sourceTree = "<group>"; };
		BCB5C8002042296D001B61FD /* Assets.xcassets */ = {isa = PBXFileReference; lastKnownFileType = folder.assetcatalog; path = Assets.xcassets; sourceTree = "<group>"; };
		BCB5C8032042296D001B61FD /* Base */ = {isa = PBXFileReference; lastKnownFileType = file.storyboard; name = Base; path = Base.lproj/LaunchScreen.storyboard; sourceTree = "<group>"; };
		BCB5C8052042296D001B61FD /* Info.plist */ = {isa = PBXFileReference; lastKnownFileType = text.plist.xml; path = Info.plist; sourceTree = "<group>"; };
		BCB5C80C2042302A001B61FD /* BorderButton.swift */ = {isa = PBXFileReference; lastKnownFileType = sourcecode.swift; path = BorderButton.swift; sourceTree = "<group>"; };
		BCB5C8102043CF9F001B61FD /* LeagueVC.swift */ = {isa = PBXFileReference; lastKnownFileType = sourcecode.swift; path = LeagueVC.swift; sourceTree = "<group>"; };
		BCB5C8122043CFC1001B61FD /* SkillVC.swift */ = {isa = PBXFileReference; lastKnownFileType = sourcecode.swift; path = SkillVC.swift; sourceTree = "<group>"; };
/* End PBXFileReference section */

/* Begin PBXFrameworksBuildPhase section */
		BCB5C7F32042296D001B61FD /* Frameworks */ = {
			isa = PBXFrameworksBuildPhase;
			buildActionMask = 2147483647;
			files = (
			);
			runOnlyForDeploymentPostprocessing = 0;
		};
/* End PBXFrameworksBuildPhase section */

/* Begin PBXGroup section */
		BCB5C7ED2042296C001B61FD = {
			isa = PBXGroup;
			children = (
				BCB5C7F82042296D001B61FD /* app-swoosh */,
				BCB5C7F72042296D001B61FD /* Products */,
			);
			sourceTree = "<group>";
		};
		BCB5C7F72042296D001B61FD /* Products */ = {
			isa = PBXGroup;
			children = (
				BCB5C7F62042296D001B61FD /* app-swoosh.app */,
			);
			name = Products;
			sourceTree = "<group>";
		};
		BCB5C7F82042296D001B61FD /* app-swoosh */ = {
			isa = PBXGroup;
			children = (
				BCB5C80F2043CEAF001B61FD /* Model */,
				BCB5C80E2043CEA0001B61FD /* Controller */,
				BCB5C80B20422FF4001B61FD /* View */,
				BCB5C7F92042296D001B61FD /* AppDelegate.swift */,
				BCB5C7FD2042296D001B61FD /* Main.storyboard */,
				BCB5C8002042296D001B61FD /* Assets.xcassets */,
				BCB5C8022042296D001B61FD /* LaunchScreen.storyboard */,
				BCB5C8052042296D001B61FD /* Info.plist */,
			);
			path = "app-swoosh";
			sourceTree = "<group>";
		};
		BCB5C80B20422FF4001B61FD /* View */ = {
			isa = PBXGroup;
			children = (
				BCB5C80C2042302A001B61FD /* BorderButton.swift */,
			);
			path = View;
			sourceTree = "<group>";
		};
		BCB5C80E2043CEA0001B61FD /* Controller */ = {
			isa = PBXGroup;
			children = (
				BCB5C7FB2042296D001B61FD /* WelcomeVC.swift */,
				BCB5C8102043CF9F001B61FD /* LeagueVC.swift */,
				BCB5C8122043CFC1001B61FD /* SkillVC.swift */,
			);
			path = Controller;
			sourceTree = "<group>";
		};
		BCB5C80F2043CEAF001B61FD /* Model */ = {
			isa = PBXGroup;
			children = (
				BCA5630820462EF70051AE8B /* Player.swift */,
			);
			path = Model;
			sourceTree = "<group>";
		};
/* End PBXGroup section */

/* Begin PBXNativeTarget section */
		BCB5C7F52042296D001B61FD /* app-swoosh */ = {
			isa = PBXNativeTarget;
			buildConfigurationList = BCB5C8082042296D001B61FD /* Build configuration list for PBXNativeTarget "app-swoosh" */;
			buildPhases = (
				BCB5C7F22042296D001B61FD /* Sources */,
				BCB5C7F32042296D001B61FD /* Frameworks */,
				BCB5C7F42042296D001B61FD /* Resources */,
			);
			buildRules = (
			);
			dependencies = (
			);
			name = "app-swoosh";
			productName = "app-swoosh";
			productReference = BCB5C7F62042296D001B61FD /* app-swoosh.app */;
			productType = "com.apple.product-type.application";
		};
/* End PBXNativeTarget section */

/* Begin PBXProject section */
		BCB5C7EE2042296C001B61FD /* Project object */ = {
			isa = PBXProject;
			attributes = {
				LastSwiftUpdateCheck = 0920;
				LastUpgradeCheck = 0920;
				ORGANIZATIONNAME = "Drzewiczewski, Steve";
				TargetAttributes = {
					BCB5C7F52042296D001B61FD = {
						CreatedOnToolsVersion = 9.2;
						ProvisioningStyle = Automatic;
					};
				};
			};
			buildConfigurationList = BCB5C7F12042296C001B61FD /* Build configuration list for PBXProject "app-swoosh" */;
			compatibilityVersion = "Xcode 8.0";
			developmentRegion = en;
			hasScannedForEncodings = 0;
			knownRegions = (
				en,
				Base,
			);
			mainGroup = BCB5C7ED2042296C001B61FD;
			productRefGroup = BCB5C7F72042296D001B61FD /* Products */;
			projectDirPath = "";
			projectRoot = "";
			targets = (
				BCB5C7F52042296D001B61FD /* app-swoosh */,
			);
		};
/* End PBXProject section */

/* Begin PBXResourcesBuildPhase section */
		BCB5C7F42042296D001B61FD /* Resources */ = {
			isa = PBXResourcesBuildPhase;
			buildActionMask = 2147483647;
			files = (
				BCB5C8042042296D001B61FD /* LaunchScreen.storyboard in Resources */,
				BCB5C8012042296D001B61FD /* Assets.xcassets in Resources */,
				BCB5C7FF2042296D001B61FD /* Main.storyboard in Resources */,
			);
			runOnlyForDeploymentPostprocessing = 0;
		};
/* End PBXResourcesBuildPhase section */

/* Begin PBXSourcesBuildPhase section */
		BCB5C7F22042296D001B61FD /* Sources */ = {
			isa = PBXSourcesBuildPhase;
			buildActionMask = 2147483647;
			files = (
				BCB5C7FC2042296D001B61FD /* WelcomeVC.swift in Sources */,
				BCB5C8112043CF9F001B61FD /* LeagueVC.swift in Sources */,
				BCB5C7FA2042296D001B61FD /* AppDelegate.swift in Sources */,
				BCB5C8132043CFC1001B61FD /* SkillVC.swift in Sources */,
				BCA5630920462EF70051AE8B /* Player.swift in Sources */,
				BCB5C80D2042302A001B61FD /* BorderButton.swift in Sources */,
			);
			runOnlyForDeploymentPostprocessing = 0;
		};
/* End PBXSourcesBuildPhase section */

/* Begin PBXVariantGroup section */
		BCB5C7FD2042296D001B61FD /* Main.storyboard */ = {
			isa = PBXVariantGroup;
			children = (
				BCB5C7FE2042296D001B61FD /* Base */,
			);
			name = Main.storyboard;
			sourceTree = "<group>";
		};
		BCB5C8022042296D001B61FD /* LaunchScreen.storyboard */ = {
			isa = PBXVariantGroup;
			children = (
				BCB5C8032042296D001B61FD /* Base */,
			);
			name = LaunchScreen.storyboard;
			sourceTree = "<group>";
		};
/* End PBXVariantGroup section */

/* Begin XCBuildConfiguration section */
		BCB5C8062042296D001B61FD /* Debug */ = {
			isa = XCBuildConfiguration;
			buildSettings = {
				ALWAYS_SEARCH_USER_PATHS = NO;
				CLANG_ANALYZER_NONNULL = YES;
				CLANG_ANALYZER_NUMBER_OBJECT_CONVERSION = YES_AGGRESSIVE;
				CLANG_CXX_LANGUAGE_STANDARD = "gnu++14";
				CLANG_CXX_LIBRARY = "libc++";
				CLANG_ENABLE_MODULES = YES;
				CLANG_ENABLE_OBJC_ARC = YES;
				CLANG_WARN_BLOCK_CAPTURE_AUTORELEASING = YES;
				CLANG_WARN_BOOL_CONVERSION = YES;
				CLANG_WARN_COMMA = YES;
				CLANG_WARN_CONSTANT_CONVERSION = YES;
				CLANG_WARN_DIRECT_OBJC_ISA_USAGE = YES_ERROR;
				CLANG_WARN_DOCUMENTATION_COMMENTS = YES;
				CLANG_WARN_EMPTY_BODY = YES;
				CLANG_WARN_ENUM_CONVERSION = YES;
				CLANG_WARN_INFINITE_RECURSION = YES;
				CLANG_WARN_INT_CONVERSION = YES;
				CLANG_WARN_NON_LITERAL_NULL_CONVERSION = YES;
				CLANG_WARN_OBJC_LITERAL_CONVERSION = YES;
				CLANG_WARN_OBJC_ROOT_CLASS = YES_ERROR;
				CLANG_WARN_RANGE_LOOP_ANALYSIS = YES;
				CLANG_WARN_STRICT_PROTOTYPES = YES;
				CLANG_WARN_SUSPICIOUS_MOVE = YES;
				CLANG_WARN_UNGUARDED_AVAILABILITY = YES_AGGRESSIVE;
				CLANG_WARN_UNREACHABLE_CODE = YES;
				CLANG_WARN__DUPLICATE_METHOD_MATCH = YES;
				CODE_SIGN_IDENTITY = "iPhone Developer";
				COPY_PHASE_STRIP = NO;
				DEBUG_INFORMATION_FORMAT = dwarf;
				ENABLE_STRICT_OBJC_MSGSEND = YES;
				ENABLE_TESTABILITY = YES;
				GCC_C_LANGUAGE_STANDARD = gnu11;
				GCC_DYNAMIC_NO_PIC = NO;
				GCC_NO_COMMON_BLOCKS = YES;
				GCC_OPTIMIZATION_LEVEL = 0;
				GCC_PREPROCESSOR_DEFINITIONS = (
					"DEBUG=1",
					"$(inherited)",
				);
				GCC_WARN_64_TO_32_BIT_CONVERSION = YES;
				GCC_WARN_ABOUT_RETURN_TYPE = YES_ERROR;
				GCC_WARN_UNDECLARED_SELECTOR = YES;
				GCC_WARN_UNINITIALIZED_AUTOS = YES_AGGRESSIVE;
				GCC_WARN_UNUSED_FUNCTION = YES;
				GCC_WARN_UNUSED_VARIABLE = YES;
				IPHONEOS_DEPLOYMENT_TARGET = 11.2;
				MTL_ENABLE_DEBUG_INFO = YES;
				ONLY_ACTIVE_ARCH = YES;
				SDKROOT = iphoneos;
				SWIFT_ACTIVE_COMPILATION_CONDITIONS = DEBUG;
				SWIFT_OPTIMIZATION_LEVEL = "-Onone";
			};
			name = Debug;
		};
		BCB5C8072042296D001B61FD /* Release */ = {
			isa = XCBuildConfiguration;
			buildSettings = {
				ALWAYS_SEARCH_USER_PATHS = NO;
				CLANG_ANALYZER_NONNULL = YES;
				CLANG_ANALYZER_NUMBER_OBJECT_CONVERSION = YES_AGGRESSIVE;
				CLANG_CXX_LANGUAGE_STANDARD = "gnu++14";
				CLANG_CXX_LIBRARY = "libc++";
				CLANG_ENABLE_MODULES = YES;
				CLANG_ENABLE_OBJC_ARC = YES;
				CLANG_WARN_BLOCK_CAPTURE_AUTORELEASING = YES;
				CLANG_WARN_BOOL_CONVERSION = YES;
				CLANG_WARN_COMMA = YES;
				CLANG_WARN_CONSTANT_CONVERSION = YES;
				CLANG_WARN_DIRECT_OBJC_ISA_USAGE = YES_ERROR;
				CLANG_WARN_DOCUMENTATION_COMMENTS = YES;
				CLANG_WARN_EMPTY_BODY = YES;
				CLANG_WARN_ENUM_CONVERSION = YES;
				CLANG_WARN_INFINITE_RECURSION = YES;
				CLANG_WARN_INT_CONVERSION = YES;
				CLANG_WARN_NON_LITERAL_NULL_CONVERSION = YES;
				CLANG_WARN_OBJC_LITERAL_CONVERSION = YES;
				CLANG_WARN_OBJC_ROOT_CLASS = YES_ERROR;
				CLANG_WARN_RANGE_LOOP_ANALYSIS = YES;
				CLANG_WARN_STRICT_PROTOTYPES = YES;
				CLANG_WARN_SUSPICIOUS_MOVE = YES;
				CLANG_WARN_UNGUARDED_AVAILABILITY = YES_AGGRESSIVE;
				CLANG_WARN_UNREACHABLE_CODE = YES;
				CLANG_WARN__DUPLICATE_METHOD_MATCH = YES;
				CODE_SIGN_IDENTITY = "iPhone Developer";
				COPY_PHASE_STRIP = NO;
				DEBUG_INFORMATION_FORMAT = "dwarf-with-dsym";
				ENABLE_NS_ASSERTIONS = NO;
				ENABLE_STRICT_OBJC_MSGSEND = YES;
				GCC_C_LANGUAGE_STANDARD = gnu11;
				GCC_NO_COMMON_BLOCKS = YES;
				GCC_WARN_64_TO_32_BIT_CONVERSION = YES;
				GCC_WARN_ABOUT_RETURN_TYPE = YES_ERROR;
				GCC_WARN_UNDECLARED_SELECTOR = YES;
				GCC_WARN_UNINITIALIZED_AUTOS = YES_AGGRESSIVE;
				GCC_WARN_UNUSED_FUNCTION = YES;
				GCC_WARN_UNUSED_VARIABLE = YES;
				IPHONEOS_DEPLOYMENT_TARGET = 11.2;
				MTL_ENABLE_DEBUG_INFO = NO;
				SDKROOT = iphoneos;
				SWIFT_OPTIMIZATION_LEVEL = "-Owholemodule";
				VALIDATE_PRODUCT = YES;
			};
			name = Release;
		};
		BCB5C8092042296D001B61FD /* Debug */ = {
			isa = XCBuildConfiguration;
			buildSettings = {
				ASSETCATALOG_COMPILER_APPICON_NAME = AppIcon;
				CODE_SIGN_STYLE = Automatic;
				INFOPLIST_FILE = "app-swoosh/Info.plist";
				LD_RUNPATH_SEARCH_PATHS = "$(inherited) @executable_path/Frameworks";
				PRODUCT_BUNDLE_IDENTIFIER = "test.app-swoosh";
				PRODUCT_NAME = "$(TARGET_NAME)";
				SWIFT_VERSION = 4.0;
				TARGETED_DEVICE_FAMILY = "1,2";
			};
			name = Debug;
		};
		BCB5C80A2042296D001B61FD /* Release */ = {
			isa = XCBuildConfiguration;
			buildSettings = {
				ASSETCATALOG_COMPILER_APPICON_NAME = AppIcon;
				CODE_SIGN_STYLE = Automatic;
				INFOPLIST_FILE = "app-swoosh/Info.plist";
				LD_RUNPATH_SEARCH_PATHS = "$(inherited) @executable_path/Frameworks";
				PRODUCT_BUNDLE_IDENTIFIER = "test.app-swoosh";
				PRODUCT_NAME = "$(TARGET_NAME)";
				SWIFT_VERSION = 4.0;
				TARGETED_DEVICE_FAMILY = "1,2";
			};
			name = Release;
		};
/* End XCBuildConfiguration section */

/* Begin XCConfigurationList section */
		BCB5C7F12042296C001B61FD /* Build configuration list for PBXProject "app-swoosh" */ = {
			isa = XCConfigurationList;
			buildConfigurations = (
				BCB5C8062042296D001B61FD /* Debug */,
				BCB5C8072042296D001B61FD /* Release */,
			);
			defaultConfigurationIsVisible = 0;
			defaultConfigurationName = Release;
		};
		BCB5C8082042296D001B61FD /* Build configuration list for PBXNativeTarget "app-swoosh" */ = {
			isa = XCConfigurationList;
			buildConfigurations = (
				BCB5C8092042296D001B61FD /* Debug */,
				BCB5C80A2042296D001B61FD /* Release */,
			);
			defaultConfigurationIsVisible = 0;
			defaultConfigurationName = Release;
		};
/* End XCConfigurationList section */
	};
	rootObject = BCB5C7EE2042296C001B61FD /* Project object */;
}
